
Microsoft Visual Studio Solution File, Format Version 12.00
# Visual Studio Version 17
VisualStudioVersion = 17.11.35327.3
MinimumVisualStudioVersion = 10.0.40219.1
Project("{9A19103F-16F7-4668-BE54-9A1E7A4F7556}") = "OtenTool.PostmanCore", "OtenTool.PostmanCore\OtenTool.PostmanCore.csproj", "{87A6FE41-E8E5-4170-8C59-6F4E9A1CEABF}"
EndProject
Global
	GlobalSection(SolutionConfigurationPlatforms) = preSolution
		Debug|Any CPU = Debug|Any CPU
		Release|Any CPU = Release|Any CPU
	EndGlobalSection
	GlobalSection(ProjectConfigurationPlatforms) = postSolution
		{87A6FE41-E8E5-4170-8C59-6F4E9A1CEABF}.Debug|Any CPU.ActiveCfg = Debug|Any CPU
		{87A6FE41-E8E5-4170-8C59-6F4E9A1CEABF}.Debug|Any CPU.Build.0 = Debug|Any CPU
		{87A6FE41-E8E5-4170-8C59-6F4E9A1CEABF}.Release|Any CPU.ActiveCfg = Release|Any CPU
		{87A6FE41-E8E5-4170-8C59-6F4E9A1CEABF}.Release|Any CPU.Build.0 = Release|Any CPU
	EndGlobalSection
	GlobalSection(SolutionProperties) = preSolution
		HideSolutionNode = FALSE
	EndGlobalSection
	GlobalSection(ExtensibilityGlobals) = postSolution
		SolutionGuid = {273F61CE-5ED0-4108-A932-62E64E81E657}
	EndGlobalSection
EndGlobal
